
Microsoft Visual Studio Solution File, Format Version 12.00
# Visual Studio Version 16
VisualStudioVersion = 16.0.31313.79
MinimumVisualStudioVersion = 10.0.40219.1
Project("{FAE04EC0-301F-11D3-BF4B-00C04F79EFBC}") = "GoodPairs_Lab10Assign3", "GoodPairs_Lab10Assign3\GoodPairs_Lab10Assign3.csproj", "{D68A3563-5CB1-4432-BC7A-5B28AF34A550}"
EndProject
Project("{FAE04EC0-301F-11D3-BF4B-00C04F79EFBC}") = "ArrayHelper", "ArrayHelper\ArrayHelper.csproj", "{951D213B-F7A3-4187-A3BA-2535F719DF92}"
EndProject
Global
	GlobalSection(SolutionConfigurationPlatforms) = preSolution
		Debug|Any CPU = Debug|Any CPU
		Release|Any CPU = Release|Any CPU
	EndGlobalSection
	GlobalSection(ProjectConfigurationPlatforms) = postSolution
		{D68A3563-5CB1-4432-BC7A-5B28AF34A550}.Debug|Any CPU.ActiveCfg = Debug|Any CPU
		{D68A3563-5CB1-4432-BC7A-5B28AF34A550}.Debug|Any CPU.Build.0 = Debug|Any CPU
		{D68A3563-5CB1-4432-BC7A-5B28AF34A550}.Release|Any CPU.ActiveCfg = Release|Any CPU
		{D68A3563-5CB1-4432-BC7A-5B28AF34A550}.Release|Any CPU.Build.0 = Release|Any CPU
		{951D213B-F7A3-4187-A3BA-2535F719DF92}.Debug|Any CPU.ActiveCfg = Debug|Any CPU
		{951D213B-F7A3-4187-A3BA-2535F719DF92}.Debug|Any CPU.Build.0 = Debug|Any CPU
		{951D213B-F7A3-4187-A3BA-2535F719DF92}.Release|Any CPU.ActiveCfg = Release|Any CPU
		{951D213B-F7A3-4187-A3BA-2535F719DF92}.Release|Any CPU.Build.0 = Release|Any CPU
	EndGlobalSection
	GlobalSection(SolutionProperties) = preSolution
		HideSolutionNode = FALSE
	EndGlobalSection
	GlobalSection(ExtensibilityGlobals) = postSolution
		SolutionGuid = {062D0907-C83A-45D5-A858-74627B1A58F0}
	EndGlobalSection
EndGlobal
